// !$*UTF8*$!
{
	archiveVersion = 1;
	classes = {
	};
	objectVersion = 56;
	objects = {

/* Begin PBXBuildFile section */
		17D6AE042AC63BE400B597A1 /* ImproveApp.swift in Sources */ = {isa = PBXBuildFile; fileRef = 17D6AE032AC63BE400B597A1 /* ImproveApp.swift */; };
		17D6AE062AC63BE400B597A1 /* ContentView.swift in Sources */ = {isa = PBXBuildFile; fileRef = 17D6AE052AC63BE400B597A1 /* ContentView.swift */; };
		17D6AE082AC63BE600B597A1 /* Assets.xcassets in Resources */ = {isa = PBXBuildFile; fileRef = 17D6AE072AC63BE600B597A1 /* Assets.xcassets */; };
		17D6AE0C2AC63BE600B597A1 /* Preview Assets.xcassets in Resources */ = {isa = PBXBuildFile; fileRef = 17D6AE0B2AC63BE600B597A1 /* Preview Assets.xcassets */; };
		17D6AE162AC63BE600B597A1 /* ImproveTests.swift in Sources */ = {isa = PBXBuildFile; fileRef = 17D6AE152AC63BE600B597A1 /* ImproveTests.swift */; };
		17D6AE202AC63BE600B597A1 /* ImproveUITests.swift in Sources */ = {isa = PBXBuildFile; fileRef = 17D6AE1F2AC63BE600B597A1 /* ImproveUITests.swift */; };
		17D6AE222AC63BE600B597A1 /* ImproveUITestsLaunchTests.swift in Sources */ = {isa = PBXBuildFile; fileRef = 17D6AE212AC63BE600B597A1 /* ImproveUITestsLaunchTests.swift */; };
		17D6AE2F2AC63CCA00B597A1 /* WeatherView.swift in Sources */ = {isa = PBXBuildFile; fileRef = 17D6AE2E2AC63CCA00B597A1 /* WeatherView.swift */; };
		17D6AE312AC63D0100B597A1 /* ActivityView.swift in Sources */ = {isa = PBXBuildFile; fileRef = 17D6AE302AC63D0100B597A1 /* ActivityView.swift */; };
/* End PBXBuildFile section */

/* Begin PBXContainerItemProxy section */
		17D6AE122AC63BE600B597A1 /* PBXContainerItemProxy */ = {
			isa = PBXContainerItemProxy;
			containerPortal = 17D6ADF82AC63BE400B597A1 /* Project object */;
			proxyType = 1;
			remoteGlobalIDString = 17D6ADFF2AC63BE400B597A1;
			remoteInfo = Improve;
		};
		17D6AE1C2AC63BE600B597A1 /* PBXContainerItemProxy */ = {
			isa = PBXContainerItemProxy;
			containerPortal = 17D6ADF82AC63BE400B597A1 /* Project object */;
			proxyType = 1;
			remoteGlobalIDString = 17D6ADFF2AC63BE400B597A1;
			remoteInfo = Improve;
		};
/* End PBXContainerItemProxy section */

/* Begin PBXFileReference section */
		17D6AE002AC63BE400B597A1 /* Improve.app */ = {isa = PBXFileReference; explicitFileType = wrapper.application; includeInIndex = 0; path = Improve.app; sourceTree = BUILT_PRODUCTS_DIR; };
		17D6AE032AC63BE400B597A1 /* ImproveApp.swift */ = {isa = PBXFileReference; lastKnownFileType = sourcecode.swift; path = ImproveApp.swift; sourceTree = "<group>"; };
		17D6AE052AC63BE400B597A1 /* ContentView.swift */ = {isa = PBXFileReference; lastKnownFileType = sourcecode.swift; path = ContentView.swift; sourceTree = "<group>"; };
		17D6AE072AC63BE600B597A1 /* Assets.xcassets */ = {isa = PBXFileReference; lastKnownFileType = folder.assetcatalog; path = Assets.xcassets; sourceTree = "<group>"; };
		17D6AE092AC63BE600B597A1 /* Improve.entitlements */ = {isa = PBXFileReference; lastKnownFileType = text.plist.entitlements; path = Improve.entitlements; sourceTree = "<group>"; };
		17D6AE0B2AC63BE600B597A1 /* Preview Assets.xcassets */ = {isa = PBXFileReference; lastKnownFileType = folder.assetcatalog; path = "Preview Assets.xcassets"; sourceTree = "<group>"; };
		17D6AE112AC63BE600B597A1 /* ImproveTests.xctest */ = {isa = PBXFileReference; explicitFileType = wrapper.cfbundle; includeInIndex = 0; path = ImproveTests.xctest; sourceTree = BUILT_PRODUCTS_DIR; };
		17D6AE152AC63BE600B597A1 /* ImproveTests.swift */ = {isa = PBXFileReference; lastKnownFileType = sourcecode.swift; path = ImproveTests.swift; sourceTree = "<group>"; };
		17D6AE1B2AC63BE600B597A1 /* ImproveUITests.xctest */ = {isa = PBXFileReference; explicitFileType = wrapper.cfbundle; includeInIndex = 0; path = ImproveUITests.xctest; sourceTree = BUILT_PRODUCTS_DIR; };
		17D6AE1F2AC63BE600B597A1 /* ImproveUITests.swift */ = {isa = PBXFileReference; lastKnownFileType = sourcecode.swift; path = ImproveUITests.swift; sourceTree = "<group>"; };
		17D6AE212AC63BE600B597A1 /* ImproveUITestsLaunchTests.swift */ = {isa = PBXFileReference; lastKnownFileType = sourcecode.swift; path = ImproveUITestsLaunchTests.swift; sourceTree = "<group>"; };
		17D6AE2E2AC63CCA00B597A1 /* WeatherView.swift */ = {isa = PBXFileReference; lastKnownFileType = sourcecode.swift; path = WeatherView.swift; sourceTree = "<group>"; };
		17D6AE302AC63D0100B597A1 /* ActivityView.swift */ = {isa = PBXFileReference; lastKnownFileType = sourcecode.swift; path = ActivityView.swift; sourceTree = "<group>"; };
/* End PBXFileReference section */

/* Begin PBXFrameworksBuildPhase section */
		17D6ADFD2AC63BE400B597A1 /* Frameworks */ = {
			isa = PBXFrameworksBuildPhase;
			buildActionMask = 2147483647;
			files = (
			);
			runOnlyForDeploymentPostprocessing = 0;
		};
		17D6AE0E2AC63BE600B597A1 /* Frameworks */ = {
			isa = PBXFrameworksBuildPhase;
			buildActionMask = 2147483647;
			files = (
			);
			runOnlyForDeploymentPostprocessing = 0;
		};
		17D6AE182AC63BE600B597A1 /* Frameworks */ = {
			isa = PBXFrameworksBuildPhase;
			buildActionMask = 2147483647;
			files = (
			);
			runOnlyForDeploymentPostprocessing = 0;
		};
/* End PBXFrameworksBuildPhase section */

/* Begin PBXGroup section */
		17D6ADF72AC63BE400B597A1 = {
			isa = PBXGroup;
			children = (
				17D6AE022AC63BE400B597A1 /* Improve */,
				17D6AE142AC63BE600B597A1 /* ImproveTests */,
				17D6AE1E2AC63BE600B597A1 /* ImproveUITests */,
				17D6AE012AC63BE400B597A1 /* Products */,
			);
			sourceTree = "<group>";
		};
		17D6AE012AC63BE400B597A1 /* Products */ = {
			isa = PBXGroup;
			children = (
				17D6AE002AC63BE400B597A1 /* Improve.app */,
				17D6AE112AC63BE600B597A1 /* ImproveTests.xctest */,
				17D6AE1B2AC63BE600B597A1 /* ImproveUITests.xctest */,
			);
			name = Products;
			sourceTree = "<group>";
		};
		17D6AE022AC63BE400B597A1 /* Improve */ = {
			isa = PBXGroup;
			children = (
				17D6AE032AC63BE400B597A1 /* ImproveApp.swift */,
				17D6AE052AC63BE400B597A1 /* ContentView.swift */,
				17D6AE2E2AC63CCA00B597A1 /* WeatherView.swift */,
				17D6AE302AC63D0100B597A1 /* ActivityView.swift */,
				17D6AE072AC63BE600B597A1 /* Assets.xcassets */,
				17D6AE092AC63BE600B597A1 /* Improve.entitlements */,
				17D6AE0A2AC63BE600B597A1 /* Preview Content */,
			);
			path = Improve;
			sourceTree = "<group>";
		};
		17D6AE0A2AC63BE600B597A1 /* Preview Content */ = {
			isa = PBXGroup;
			children = (
				17D6AE0B2AC63BE600B597A1 /* Preview Assets.xcassets */,
			);
			path = "Preview Content";
			sourceTree = "<group>";
		};
		17D6AE142AC63BE600B597A1 /* ImproveTests */ = {
			isa = PBXGroup;
			children = (
				17D6AE152AC63BE600B597A1 /* ImproveTests.swift */,
			);
			path = ImproveTests;
			sourceTree = "<group>";
		};
		17D6AE1E2AC63BE600B597A1 /* ImproveUITests */ = {
			isa = PBXGroup;
			children = (
				17D6AE1F2AC63BE600B597A1 /* ImproveUITests.swift */,
				17D6AE212AC63BE600B597A1 /* ImproveUITestsLaunchTests.swift */,
			);
			path = ImproveUITests;
			sourceTree = "<group>";
		};
/* End PBXGroup section */

/* Begin PBXNativeTarget section */
		17D6ADFF2AC63BE400B597A1 /* Improve */ = {
			isa = PBXNativeTarget;
			buildConfigurationList = 17D6AE252AC63BE600B597A1 /* Build configuration list for PBXNativeTarget "Improve" */;
			buildPhases = (
				17D6ADFC2AC63BE400B597A1 /* Sources */,
				17D6ADFD2AC63BE400B597A1 /* Frameworks */,
				17D6ADFE2AC63BE400B597A1 /* Resources */,
			);
			buildRules = (
			);
			dependencies = (
			);
			name = Improve;
			productName = Improve;
			productReference = 17D6AE002AC63BE400B597A1 /* Improve.app */;
			productType = "com.apple.product-type.application";
		};
		17D6AE102AC63BE600B597A1 /* ImproveTests */ = {
			isa = PBXNativeTarget;
			buildConfigurationList = 17D6AE282AC63BE600B597A1 /* Build configuration list for PBXNativeTarget "ImproveTests" */;
			buildPhases = (
				17D6AE0D2AC63BE600B597A1 /* Sources */,
				17D6AE0E2AC63BE600B597A1 /* Frameworks */,
				17D6AE0F2AC63BE600B597A1 /* Resources */,
			);
			buildRules = (
			);
			dependencies = (
				17D6AE132AC63BE600B597A1 /* PBXTargetDependency */,
			);
			name = ImproveTests;
			productName = ImproveTests;
			productReference = 17D6AE112AC63BE600B597A1 /* ImproveTests.xctest */;
			productType = "com.apple.product-type.bundle.unit-test";
		};
		17D6AE1A2AC63BE600B597A1 /* ImproveUITests */ = {
			isa = PBXNativeTarget;
			buildConfigurationList = 17D6AE2B2AC63BE600B597A1 /* Build configuration list for PBXNativeTarget "ImproveUITests" */;
			buildPhases = (
				17D6AE172AC63BE600B597A1 /* Sources */,
				17D6AE182AC63BE600B597A1 /* Frameworks */,
				17D6AE192AC63BE600B597A1 /* Resources */,
			);
			buildRules = (
			);
			dependencies = (
				17D6AE1D2AC63BE600B597A1 /* PBXTargetDependency */,
			);
			name = ImproveUITests;
			productName = ImproveUITests;
			productReference = 17D6AE1B2AC63BE600B597A1 /* ImproveUITests.xctest */;
			productType = "com.apple.product-type.bundle.ui-testing";
		};
/* End PBXNativeTarget section */

/* Begin PBXProject section */
		17D6ADF82AC63BE400B597A1 /* Project object */ = {
			isa = PBXProject;
			attributes = {
				BuildIndependentTargetsInParallel = 1;
				LastSwiftUpdateCheck = 1430;
				LastUpgradeCheck = 1430;
				TargetAttributes = {
					17D6ADFF2AC63BE400B597A1 = {
						CreatedOnToolsVersion = 14.3.1;
					};
					17D6AE102AC63BE600B597A1 = {
						CreatedOnToolsVersion = 14.3.1;
						TestTargetID = 17D6ADFF2AC63BE400B597A1;
					};
					17D6AE1A2AC63BE600B597A1 = {
						CreatedOnToolsVersion = 14.3.1;
						TestTargetID = 17D6ADFF2AC63BE400B597A1;
					};
				};
			};
			buildConfigurationList = 17D6ADFB2AC63BE400B597A1 /* Build configuration list for PBXProject "Improve" */;
			compatibilityVersion = "Xcode 14.0";
			developmentRegion = en;
			hasScannedForEncodings = 0;
			knownRegions = (
				en,
				Base,
			);
			mainGroup = 17D6ADF72AC63BE400B597A1;
			productRefGroup = 17D6AE012AC63BE400B597A1 /* Products */;
			projectDirPath = "";
			projectRoot = "";
			targets = (
				17D6ADFF2AC63BE400B597A1 /* Improve */,
				17D6AE102AC63BE600B597A1 /* ImproveTests */,
				17D6AE1A2AC63BE600B597A1 /* ImproveUITests */,
			);
		};
/* End PBXProject section */

/* Begin PBXResourcesBuildPhase section */
		17D6ADFE2AC63BE400B597A1 /* Resources */ = {
			isa = PBXResourcesBuildPhase;
			buildActionMask = 2147483647;
			files = (
				17D6AE0C2AC63BE600B597A1 /* Preview Assets.xcassets in Resources */,
				17D6AE082AC63BE600B597A1 /* Assets.xcassets in Resources */,
			);
			runOnlyForDeploymentPostprocessing = 0;
		};
		17D6AE0F2AC63BE600B597A1 /* Resources */ = {
			isa = PBXResourcesBuildPhase;
			buildActionMask = 2147483647;
			files = (
			);
			runOnlyForDeploymentPostprocessing = 0;
		};
		17D6AE192AC63BE600B597A1 /* Resources */ = {
			isa = PBXResourcesBuildPhase;
			buildActionMask = 2147483647;
			files = (
			);
			runOnlyForDeploymentPostprocessing = 0;
		};
/* End PBXResourcesBuildPhase section */

/* Begin PBXSourcesBuildPhase section */
		17D6ADFC2AC63BE400B597A1 /* Sources */ = {
			isa = PBXSourcesBuildPhase;
			buildActionMask = 2147483647;
			files = (
				17D6AE2F2AC63CCA00B597A1 /* WeatherView.swift in Sources */,
				17D6AE312AC63D0100B597A1 /* ActivityView.swift in Sources */,
				17D6AE062AC63BE400B597A1 /* ContentView.swift in Sources */,
				17D6AE042AC63BE400B597A1 /* ImproveApp.swift in Sources */,
			);
			runOnlyForDeploymentPostprocessing = 0;
		};
		17D6AE0D2AC63BE600B597A1 /* Sources */ = {
			isa = PBXSourcesBuildPhase;
			buildActionMask = 2147483647;
			files = (
				17D6AE162AC63BE600B597A1 /* ImproveTests.swift in Sources */,
			);
			runOnlyForDeploymentPostprocessing = 0;
		};
		17D6AE172AC63BE600B597A1 /* Sources */ = {
			isa = PBXSourcesBuildPhase;
			buildActionMask = 2147483647;
			files = (
				17D6AE202AC63BE600B597A1 /* ImproveUITests.swift in Sources */,
				17D6AE222AC63BE600B597A1 /* ImproveUITestsLaunchTests.swift in Sources */,
			);
			runOnlyForDeploymentPostprocessing = 0;
		};
/* End PBXSourcesBuildPhase section */

/* Begin PBXTargetDependency section */
		17D6AE132AC63BE600B597A1 /* PBXTargetDependency */ = {
			isa = PBXTargetDependency;
			target = 17D6ADFF2AC63BE400B597A1 /* Improve */;
			targetProxy = 17D6AE122AC63BE600B597A1 /* PBXContainerItemProxy */;
		};
		17D6AE1D2AC63BE600B597A1 /* PBXTargetDependency */ = {
			isa = PBXTargetDependency;
			target = 17D6ADFF2AC63BE400B597A1 /* Improve */;
			targetProxy = 17D6AE1C2AC63BE600B597A1 /* PBXContainerItemProxy */;
		};
/* End PBXTargetDependency section */

/* Begin XCBuildConfiguration section */
		17D6AE232AC63BE600B597A1 /* Debug */ = {
			isa = XCBuildConfiguration;
			buildSettings = {
				ALWAYS_SEARCH_USER_PATHS = NO;
				CLANG_ANALYZER_NONNULL = YES;
				CLANG_ANALYZER_NUMBER_OBJECT_CONVERSION = YES_AGGRESSIVE;
				CLANG_CXX_LANGUAGE_STANDARD = "gnu++20";
				CLANG_ENABLE_MODULES = YES;
				CLANG_ENABLE_OBJC_ARC = YES;
				CLANG_ENABLE_OBJC_WEAK = YES;
				CLANG_WARN_BLOCK_CAPTURE_AUTORELEASING = YES;
				CLANG_WARN_BOOL_CONVERSION = YES;
				CLANG_WARN_COMMA = YES;
				CLANG_WARN_CONSTANT_CONVERSION = YES;
				CLANG_WARN_DEPRECATED_OBJC_IMPLEMENTATIONS = YES;
				CLANG_WARN_DIRECT_OBJC_ISA_USAGE = YES_ERROR;
				CLANG_WARN_DOCUMENTATION_COMMENTS = YES;
				CLANG_WARN_EMPTY_BODY = YES;
				CLANG_WARN_ENUM_CONVERSION = YES;
				CLANG_WARN_INFINITE_RECURSION = YES;
				CLANG_WARN_INT_CONVERSION = YES;
				CLANG_WARN_NON_LITERAL_NULL_CONVERSION = YES;
				CLANG_WARN_OBJC_IMPLICIT_RETAIN_SELF = YES;
				CLANG_WARN_OBJC_LITERAL_CONVERSION = YES;
				CLANG_WARN_OBJC_ROOT_CLASS = YES_ERROR;
				CLANG_WARN_QUOTED_INCLUDE_IN_FRAMEWORK_HEADER = YES;
				CLANG_WARN_RANGE_LOOP_ANALYSIS = YES;
				CLANG_WARN_STRICT_PROTOTYPES = YES;
				CLANG_WARN_SUSPICIOUS_MOVE = YES;
				CLANG_WARN_UNGUARDED_AVAILABILITY = YES_AGGRESSIVE;
				CLANG_WARN_UNREACHABLE_CODE = YES;
				CLANG_WARN__DUPLICATE_METHOD_MATCH = YES;
				COPY_PHASE_STRIP = NO;
				DEBUG_INFORMATION_FORMAT = dwarf;
				ENABLE_STRICT_OBJC_MSGSEND = YES;
				ENABLE_TESTABILITY = YES;
				GCC_C_LANGUAGE_STANDARD = gnu11;
				GCC_DYNAMIC_NO_PIC = NO;
				GCC_NO_COMMON_BLOCKS = YES;
				GCC_OPTIMIZATION_LEVEL = 0;
				GCC_PREPROCESSOR_DEFINITIONS = (
					"DEBUG=1",
					"$(inherited)",
				);
				GCC_WARN_64_TO_32_BIT_CONVERSION = YES;
				GCC_WARN_ABOUT_RETURN_TYPE = YES_ERROR;
				GCC_WARN_UNDECLARED_SELECTOR = YES;
				GCC_WARN_UNINITIALIZED_AUTOS = YES_AGGRESSIVE;
				GCC_WARN_UNUSED_FUNCTION = YES;
				GCC_WARN_UNUSED_VARIABLE = YES;
				MTL_ENABLE_DEBUG_INFO = INCLUDE_SOURCE;
				MTL_FAST_MATH = YES;
				ONLY_ACTIVE_ARCH = YES;
				SWIFT_ACTIVE_COMPILATION_CONDITIONS = DEBUG;
				SWIFT_OPTIMIZATION_LEVEL = "-Onone";
			};
			name = Debug;
		};
		17D6AE242AC63BE600B597A1 /* Release */ = {
			isa = XCBuildConfiguration;
			buildSettings = {
				ALWAYS_SEARCH_USER_PATHS = NO;
				CLANG_ANALYZER_NONNULL = YES;
				CLANG_ANALYZER_NUMBER_OBJECT_CONVERSION = YES_AGGRESSIVE;
				CLANG_CXX_LANGUAGE_STANDARD = "gnu++20";
				CLANG_ENABLE_MODULES = YES;
				CLANG_ENABLE_OBJC_ARC = YES;
				CLANG_ENABLE_OBJC_WEAK = YES;
				CLANG_WARN_BLOCK_CAPTURE_AUTORELEASING = YES;
				CLANG_WARN_BOOL_CONVERSION = YES;
				CLANG_WARN_COMMA = YES;
				CLANG_WARN_CONSTANT_CONVERSION = YES;
				CLANG_WARN_DEPRECATED_OBJC_IMPLEMENTATIONS = YES;
				CLANG_WARN_DIRECT_OBJC_ISA_USAGE = YES_ERROR;
				CLANG_WARN_DOCUMENTATION_COMMENTS = YES;
				CLANG_WARN_EMPTY_BODY = YES;
				CLANG_WARN_ENUM_CONVERSION = YES;
				CLANG_WARN_INFINITE_RECURSION = YES;
				CLANG_WARN_INT_CONVERSION = YES;
				CLANG_WARN_NON_LITERAL_NULL_CONVERSION = YES;
				CLANG_WARN_OBJC_IMPLICIT_RETAIN_SELF = YES;
				CLANG_WARN_OBJC_LITERAL_CONVERSION = YES;
				CLANG_WARN_OBJC_ROOT_CLASS = YES_ERROR;
				CLANG_WARN_QUOTED_INCLUDE_IN_FRAMEWORK_HEADER = YES;
				CLANG_WARN_RANGE_LOOP_ANALYSIS = YES;
				CLANG_WARN_STRICT_PROTOTYPES = YES;
				CLANG_WARN_SUSPICIOUS_MOVE = YES;
				CLANG_WARN_UNGUARDED_AVAILABILITY = YES_AGGRESSIVE;
				CLANG_WARN_UNREACHABLE_CODE = YES;
				CLANG_WARN__DUPLICATE_METHOD_MATCH = YES;
				COPY_PHASE_STRIP = NO;
				DEBUG_INFORMATION_FORMAT = "dwarf-with-dsym";
				ENABLE_NS_ASSERTIONS = NO;
				ENABLE_STRICT_OBJC_MSGSEND = YES;
				GCC_C_LANGUAGE_STANDARD = gnu11;
				GCC_NO_COMMON_BLOCKS = YES;
				GCC_WARN_64_TO_32_BIT_CONVERSION = YES;
				GCC_WARN_ABOUT_RETURN_TYPE = YES_ERROR;
				GCC_WARN_UNDECLARED_SELECTOR = YES;
				GCC_WARN_UNINITIALIZED_AUTOS = YES_AGGRESSIVE;
				GCC_WARN_UNUSED_FUNCTION = YES;
				GCC_WARN_UNUSED_VARIABLE = YES;
				MTL_ENABLE_DEBUG_INFO = NO;
				MTL_FAST_MATH = YES;
				SWIFT_COMPILATION_MODE = wholemodule;
				SWIFT_OPTIMIZATION_LEVEL = "-O";
			};
			name = Release;
		};
		17D6AE262AC63BE600B597A1 /* Debug */ = {
			isa = XCBuildConfiguration;
			buildSettings = {
				ASSETCATALOG_COMPILER_APPICON_NAME = AppIcon;
				ASSETCATALOG_COMPILER_GLOBAL_ACCENT_COLOR_NAME = AccentColor;
				CODE_SIGN_ENTITLEMENTS = Improve/Improve.entitlements;
				CODE_SIGN_STYLE = Automatic;
				CURRENT_PROJECT_VERSION = 1;
				DEVELOPMENT_ASSET_PATHS = "\"Improve/Preview Content\"";
				DEVELOPMENT_TEAM = BZ86G6QKHT;
				ENABLE_HARDENED_RUNTIME = YES;
				ENABLE_PREVIEWS = YES;
				GENERATE_INFOPLIST_FILE = YES;
				"INFOPLIST_KEY_UIApplicationSceneManifest_Generation[sdk=iphoneos*]" = YES;
				"INFOPLIST_KEY_UIApplicationSceneManifest_Generation[sdk=iphonesimulator*]" = YES;
				"INFOPLIST_KEY_UIApplicationSupportsIndirectInputEvents[sdk=iphoneos*]" = YES;
				"INFOPLIST_KEY_UIApplicationSupportsIndirectInputEvents[sdk=iphonesimulator*]" = YES;
				"INFOPLIST_KEY_UILaunchScreen_Generation[sdk=iphoneos*]" = YES;
				"INFOPLIST_KEY_UILaunchScreen_Generation[sdk=iphonesimulator*]" = YES;
				"INFOPLIST_KEY_UIStatusBarStyle[sdk=iphoneos*]" = UIStatusBarStyleDefault;
				"INFOPLIST_KEY_UIStatusBarStyle[sdk=iphonesimulator*]" = UIStatusBarStyleDefault;
				INFOPLIST_KEY_UISupportedInterfaceOrientations_iPad = "UIInterfaceOrientationPortrait UIInterfaceOrientationPortraitUpsideDown UIInterfaceOrientationLandscapeLeft UIInterfaceOrientationLandscapeRight";
				INFOPLIST_KEY_UISupportedInterfaceOrientations_iPhone = "UIInterfaceOrientationPortrait UIInterfaceOrientationLandscapeLeft UIInterfaceOrientationLandscapeRight";
				IPHONEOS_DEPLOYMENT_TARGET = 16.4;
				LD_RUNPATH_SEARCH_PATHS = "@executable_path/Frameworks";
				"LD_RUNPATH_SEARCH_PATHS[sdk=macosx*]" = "@executable_path/../Frameworks";
				MACOSX_DEPLOYMENT_TARGET = 13.3;
				MARKETING_VERSION = 1.0;
				PRODUCT_BUNDLE_IDENTIFIER = MobileAppDev.Improve;
				PRODUCT_NAME = "$(TARGET_NAME)";
				SDKROOT = auto;
				SUPPORTED_PLATFORMS = "iphoneos iphonesimulator macosx";
				SWIFT_EMIT_LOC_STRINGS = YES;
				SWIFT_VERSION = 5.0;
				TARGETED_DEVICE_FAMILY = "1,2";
			};
			name = Debug;
		};
		17D6AE272AC63BE600B597A1 /* Release */ = {
			isa = XCBuildConfiguration;
			buildSettings = {
				ASSETCATALOG_COMPILER_APPICON_NAME = AppIcon;
				ASSETCATALOG_COMPILER_GLOBAL_ACCENT_COLOR_NAME = AccentColor;
				CODE_SIGN_ENTITLEMENTS = Improve/Improve.entitlements;
				CODE_SIGN_STYLE = Automatic;
				CURRENT_PROJECT_VERSION = 1;
				DEVELOPMENT_ASSET_PATHS = "\"Improve/Preview Content\"";
				DEVELOPMENT_TEAM = BZ86G6QKHT;
				ENABLE_HARDENED_RUNTIME = YES;
				ENABLE_PREVIEWS = YES;
				GENERATE_INFOPLIST_FILE = YES;
				"INFOPLIST_KEY_UIApplicationSceneManifest_Generation[sdk=iphoneos*]" = YES;
				"INFOPLIST_KEY_UIApplicationSceneManifest_Generation[sdk=iphonesimulator*]" = YES;
				"INFOPLIST_KEY_UIApplicationSupportsIndirectInputEvents[sdk=iphoneos*]" = YES;
				"INFOPLIST_KEY_UIApplicationSupportsIndirectInputEvents[sdk=iphonesimulator*]" = YES;
				"INFOPLIST_KEY_UILaunchScreen_Generation[sdk=iphoneos*]" = YES;
				"INFOPLIST_KEY_UILaunchScreen_Generation[sdk=iphonesimulator*]" = YES;
				"INFOPLIST_KEY_UIStatusBarStyle[sdk=iphoneos*]" = UIStatusBarStyleDefault;
				"INFOPLIST_KEY_UIStatusBarStyle[sdk=iphonesimulator*]" = UIStatusBarStyleDefault;
				INFOPLIST_KEY_UISupportedInterfaceOrientations_iPad = "UIInterfaceOrientationPortrait UIInterfaceOrientationPortraitUpsideDown UIInterfaceOrientationLandscapeLeft UIInterfaceOrientationLandscapeRight";
				INFOPLIST_KEY_UISupportedInterfaceOrientations_iPhone = "UIInterfaceOrientationPortrait UIInterfaceOrientationLandscapeLeft UIInterfaceOrientationLandscapeRight";
				IPHONEOS_DEPLOYMENT_TARGET = 16.4;
				LD_RUNPATH_SEARCH_PATHS = "@executable_path/Frameworks";
				"LD_RUNPATH_SEARCH_PATHS[sdk=macosx*]" = "@executable_path/../Frameworks";
				MACOSX_DEPLOYMENT_TARGET = 13.3;
				MARKETING_VERSION = 1.0;
				PRODUCT_BUNDLE_IDENTIFIER = MobileAppDev.Improve;
				PRODUCT_NAME = "$(TARGET_NAME)";
				SDKROOT = auto;
				SUPPORTED_PLATFORMS = "iphoneos iphonesimulator macosx";
				SWIFT_EMIT_LOC_STRINGS = YES;
				SWIFT_VERSION = 5.0;
				TARGETED_DEVICE_FAMILY = "1,2";
			};
			name = Release;
		};
		17D6AE292AC63BE600B597A1 /* Debug */ = {
			isa = XCBuildConfiguration;
			buildSettings = {
				ALWAYS_EMBED_SWIFT_STANDARD_LIBRARIES = YES;
				BUNDLE_LOADER = "$(TEST_HOST)";
				CODE_SIGN_STYLE = Automatic;
				CURRENT_PROJECT_VERSION = 1;
				DEVELOPMENT_TEAM = BZ86G6QKHT;
				GENERATE_INFOPLIST_FILE = YES;
				IPHONEOS_DEPLOYMENT_TARGET = 16.4;
				MACOSX_DEPLOYMENT_TARGET = 13.3;
				MARKETING_VERSION = 1.0;
				PRODUCT_BUNDLE_IDENTIFIER = MobileAppDev.ImproveTests;
				PRODUCT_NAME = "$(TARGET_NAME)";
				SDKROOT = auto;
				SUPPORTED_PLATFORMS = "iphoneos iphonesimulator macosx";
				SWIFT_EMIT_LOC_STRINGS = NO;
				SWIFT_VERSION = 5.0;
				TARGETED_DEVICE_FAMILY = "1,2";
				TEST_HOST = "$(BUILT_PRODUCTS_DIR)/Improve.app/$(BUNDLE_EXECUTABLE_FOLDER_PATH)/Improve";
			};
			name = Debug;
		};
		17D6AE2A2AC63BE600B597A1 /* Release */ = {
			isa = XCBuildConfiguration;
			buildSettings = {
				ALWAYS_EMBED_SWIFT_STANDARD_LIBRARIES = YES;
				BUNDLE_LOADER = "$(TEST_HOST)";
				CODE_SIGN_STYLE = Automatic;
				CURRENT_PROJECT_VERSION = 1;
				DEVELOPMENT_TEAM = BZ86G6QKHT;
				GENERATE_INFOPLIST_FILE = YES;
				IPHONEOS_DEPLOYMENT_TARGET = 16.4;
				MACOSX_DEPLOYMENT_TARGET = 13.3;
				MARKETING_VERSION = 1.0;
				PRODUCT_BUNDLE_IDENTIFIER = MobileAppDev.ImproveTests;
				PRODUCT_NAME = "$(TARGET_NAME)";
				SDKROOT = auto;
				SUPPORTED_PLATFORMS = "iphoneos iphonesimulator macosx";
				SWIFT_EMIT_LOC_STRINGS = NO;
				SWIFT_VERSION = 5.0;
				TARGETED_DEVICE_FAMILY = "1,2";
				TEST_HOST = "$(BUILT_PRODUCTS_DIR)/Improve.app/$(BUNDLE_EXECUTABLE_FOLDER_PATH)/Improve";
			};
			name = Release;
		};
		17D6AE2C2AC63BE600B597A1 /* Debug */ = {
			isa = XCBuildConfiguration;
			buildSettings = {
				ALWAYS_EMBED_SWIFT_STANDARD_LIBRARIES = YES;
				CODE_SIGN_STYLE = Automatic;
				CURRENT_PROJECT_VERSION = 1;
				DEVELOPMENT_TEAM = BZ86G6QKHT;
				GENERATE_INFOPLIST_FILE = YES;
				IPHONEOS_DEPLOYMENT_TARGET = 16.4;
				MACOSX_DEPLOYMENT_TARGET = 13.3;
				MARKETING_VERSION = 1.0;
				PRODUCT_BUNDLE_IDENTIFIER = MobileAppDev.ImproveUITests;
				PRODUCT_NAME = "$(TARGET_NAME)";
				SDKROOT = auto;
				SUPPORTED_PLATFORMS = "iphoneos iphonesimulator macosx";
				SWIFT_EMIT_LOC_STRINGS = NO;
				SWIFT_VERSION = 5.0;
				TARGETED_DEVICE_FAMILY = "1,2";
				TEST_TARGET_NAME = Improve;
			};
			name = Debug;
		};
		17D6AE2D2AC63BE600B597A1 /* Release */ = {
			isa = XCBuildConfiguration;
			buildSettings = {
				ALWAYS_EMBED_SWIFT_STANDARD_LIBRARIES = YES;
				CODE_SIGN_STYLE = Automatic;
				CURRENT_PROJECT_VERSION = 1;
				DEVELOPMENT_TEAM = BZ86G6QKHT;
				GENERATE_INFOPLIST_FILE = YES;
				IPHONEOS_DEPLOYMENT_TARGET = 16.4;
				MACOSX_DEPLOYMENT_TARGET = 13.3;
				MARKETING_VERSION = 1.0;
				PRODUCT_BUNDLE_IDENTIFIER = MobileAppDev.ImproveUITests;
				PRODUCT_NAME = "$(TARGET_NAME)";
				SDKROOT = auto;
				SUPPORTED_PLATFORMS = "iphoneos iphonesimulator macosx";
				SWIFT_EMIT_LOC_STRINGS = NO;
				SWIFT_VERSION = 5.0;
				TARGETED_DEVICE_FAMILY = "1,2";
				TEST_TARGET_NAME = Improve;
			};
			name = Release;
		};
/* End XCBuildConfiguration section */

/* Begin XCConfigurationList section */
		17D6ADFB2AC63BE400B597A1 /* Build configuration list for PBXProject "Improve" */ = {
			isa = XCConfigurationList;
			buildConfigurations = (
				17D6AE232AC63BE600B597A1 /* Debug */,
				17D6AE242AC63BE600B597A1 /* Release */,
			);
			defaultConfigurationIsVisible = 0;
			defaultConfigurationName = Release;
		};
		17D6AE252AC63BE600B597A1 /* Build configuration list for PBXNativeTarget "Improve" */ = {
			isa = XCConfigurationList;
			buildConfigurations = (
				17D6AE262AC63BE600B597A1 /* Debug */,
				17D6AE272AC63BE600B597A1 /* Release */,
			);
			defaultConfigurationIsVisible = 0;
			defaultConfigurationName = Release;
		};
		17D6AE282AC63BE600B597A1 /* Build configuration list for PBXNativeTarget "ImproveTests" */ = {
			isa = XCConfigurationList;
			buildConfigurations = (
				17D6AE292AC63BE600B597A1 /* Debug */,
				17D6AE2A2AC63BE600B597A1 /* Release */,
			);
			defaultConfigurationIsVisible = 0;
			defaultConfigurationName = Release;
		};
		17D6AE2B2AC63BE600B597A1 /* Build configuration list for PBXNativeTarget "ImproveUITests" */ = {
			isa = XCConfigurationList;
			buildConfigurations = (
				17D6AE2C2AC63BE600B597A1 /* Debug */,
				17D6AE2D2AC63BE600B597A1 /* Release */,
			);
			defaultConfigurationIsVisible = 0;
			defaultConfigurationName = Release;
		};
/* End XCConfigurationList section */
	};
	rootObject = 17D6ADF82AC63BE400B597A1 /* Project object */;
}
